
Microsoft Visual Studio Solution File, Format Version 12.00
# Visual Studio 14
VisualStudioVersion = 14.0.25420.1
MinimumVisualStudioVersion = 10.0.40219.1
Project("{FAE04EC0-301F-11D3-BF4B-00C04F79EFBC}") = "01EntityFrameowork介绍", "01EntityFrameowork介绍\01EntityFrameowork介绍.csproj", "{2EF39A3F-0318-446A-B835-A7EEFFBF9424}"
EndProject
Project("{FAE04EC0-301F-11D3-BF4B-00C04F79EFBC}") = "02FirstCodeFirstApp", "02FirstCodeFirstApp\02FirstCodeFirstApp.csproj", "{13F51726-C697-430C-BC0A-06AB79F1E030}"
EndProject
Global
	GlobalSection(SolutionConfigurationPlatforms) = preSolution
		Debug|Any CPU = Debug|Any CPU
		Release|Any CPU = Release|Any CPU
	EndGlobalSection
	GlobalSection(ProjectConfigurationPlatforms) = postSolution
		{2EF39A3F-0318-446A-B835-A7EEFFBF9424}.Debug|Any CPU.ActiveCfg = Debug|Any CPU
		{2EF39A3F-0318-446A-B835-A7EEFFBF9424}.Debug|Any CPU.Build.0 = Debug|Any CPU
		{2EF39A3F-0318-446A-B835-A7EEFFBF9424}.Release|Any CPU.ActiveCfg = Release|Any CPU
		{2EF39A3F-0318-446A-B835-A7EEFFBF9424}.Release|Any CPU.Build.0 = Release|Any CPU
		{13F51726-C697-430C-BC0A-06AB79F1E030}.Debug|Any CPU.ActiveCfg = Debug|Any CPU
		{13F51726-C697-430C-BC0A-06AB79F1E030}.Debug|Any CPU.Build.0 = Debug|Any CPU
		{13F51726-C697-430C-BC0A-06AB79F1E030}.Release|Any CPU.ActiveCfg = Release|Any CPU
		{13F51726-C697-430C-BC0A-06AB79F1E030}.Release|Any CPU.Build.0 = Release|Any CPU
	EndGlobalSection
	GlobalSection(SolutionProperties) = preSolution
		HideSolutionNode = FALSE
	EndGlobalSection
EndGlobal
