
Microsoft Visual Studio Solution File, Format Version 12.00
# Visual Studio 14
VisualStudioVersion = 14.0.25420.1
MinimumVisualStudioVersion = 10.0.40219.1
Project("{FAE04EC0-301F-11D3-BF4B-00C04F79EFBC}") = "01EntityFrameowork介绍", "01EntityFrameowork介绍\01EntityFrameowork介绍.csproj", "{2EF39A3F-0318-446A-B835-A7EEFFBF9424}"
EndProject
Project("{FAE04EC0-301F-11D3-BF4B-00C04F79EFBC}") = "02FirstCodeFirstApp", "02FirstCodeFirstApp\02FirstCodeFirstApp.csproj", "{13F51726-C697-430C-BC0A-06AB79F1E030}"
EndProject
Project("{FAE04EC0-301F-11D3-BF4B-00C04F79EFBC}") = "030FirstCodeFirstApp", "03FirstCodeFirstApp\030FirstCodeFirstApp.csproj", "{21088CC4-08B4-4655-A7C2-13BA7501B739}"
EndProject
Project("{FAE04EC0-301F-11D3-BF4B-00C04F79EFBC}") = "031三种继承关系", "031三种继承关系\031三种继承关系.csproj", "{F1177532-5C63-4E9D-8422-C6A076CC2B85}"
EndProject
Project("{FAE04EC0-301F-11D3-BF4B-00C04F79EFBC}") = "040数据库创建和填充种子数据", "04数据库创建和填充种子数据及LINQ操作\040数据库创建和填充种子数据.csproj", "{04F7BDFD-046D-42C0-A791-13FAE359E030}"
EndProject
Project("{FAE04EC0-301F-11D3-BF4B-00C04F79EFBC}") = "041LINQ之CRUD", "041LINQ之CRUD\041LINQ之CRUD.csproj", "{6EE93A96-F214-4921-A27B-8368F1E4567A}"
EndProject
Project("{FAE04EC0-301F-11D3-BF4B-00C04F79EFBC}") = "05EF中ViewsAndStoreProcedure", "05EF中ViewsAndStoreProcedure\05EF中ViewsAndStoreProcedure.csproj", "{70C48E6A-9A12-414B-8421-E7565B6767B4}"
EndProject
Project("{FAE04EC0-301F-11D3-BF4B-00C04F79EFBC}") = "061数据库迁移之Data", "06数据库迁移之Data\061数据库迁移之Data.csproj", "{D307472E-9AB1-4ECD-8456-67FDFC7FDA31}"
EndProject
Project("{FAE04EC0-301F-11D3-BF4B-00C04F79EFBC}") = "062数据库迁移App", "06数据库迁移App\062数据库迁移App.csproj", "{2FF44FD3-F80F-4FB3-B32C-A2CE6CAE260F}"
EndProject
Project("{2150E333-8FDC-42A3-9474-1A3956D46DE8}") = "06数据库迁移", "06数据库迁移", "{6C1F0EB7-2898-492C-A533-7291C892C81D}"
EndProject
Project("{FAE04EC0-301F-11D3-BF4B-00C04F79EFBC}") = "07管理事务和并发", "07管理事务和并发\07管理事务和并发.csproj", "{4AB19B5F-0080-46B8-BB0C-909DAEF9605F}"
EndProject
Project("{2150E333-8FDC-42A3-9474-1A3956D46DE8}") = "EF6相关", "EF6相关", "{F0BA0EB1-DD76-467B-99A0-F843AF2C1D5E}"
EndProject
Project("{FAE04EC0-301F-11D3-BF4B-00C04F79EFBC}") = "01基于Task的异步模式的定义", "基于Task的异步模式\01基于Task的异步模式的定义\01基于Task的异步模式的定义.csproj", "{BF88BE87-06E8-465E-A935-8125C123FEC4}"
EndProject
Project("{FAE04EC0-301F-11D3-BF4B-00C04F79EFBC}") = "02实现基于Task的异步模式", "基于Task的异步模式\02实现基于Task的异步模式\02实现基于Task的异步模式.csproj", "{FE4FA4AB-5D8B-452A-8F7C-E5A9F6C0E1F2}"
EndProject
Project("{FAE04EC0-301F-11D3-BF4B-00C04F79EFBC}") = "03实践基于Task的异步模式", "基于Task的异步模式\03实践基于Task的异步模式\03实践基于Task的异步模式.csproj", "{E03B2ED7-DD96-4147-BFF9-F9FDBF7C85AA}"
EndProject
Project("{FAE04EC0-301F-11D3-BF4B-00C04F79EFBC}") = "BlogAppDAL", "08BlogAppDemo\BlogAppDAL\BlogAppDAL.csproj", "{69F59AE4-ADBD-40AC-B5AB-14D24E3EBDA8}"
EndProject
Project("{FAE04EC0-301F-11D3-BF4B-00C04F79EFBC}") = "BlogApp", "BlogApp\BlogApp.csproj", "{486350C6-6C7B-4F5A-BE2F-A6FF8DE5A8C1}"
EndProject
Project("{2150E333-8FDC-42A3-9474-1A3956D46DE8}") = "08BlogApp", "08BlogApp", "{7FFA5F68-AD54-4C25-98A1-D95CD6130C74}"
EndProject
Global
	GlobalSection(SolutionConfigurationPlatforms) = preSolution
		Debug|Any CPU = Debug|Any CPU
		Release|Any CPU = Release|Any CPU
	EndGlobalSection
	GlobalSection(ProjectConfigurationPlatforms) = postSolution
		{2EF39A3F-0318-446A-B835-A7EEFFBF9424}.Debug|Any CPU.ActiveCfg = Debug|Any CPU
		{2EF39A3F-0318-446A-B835-A7EEFFBF9424}.Debug|Any CPU.Build.0 = Debug|Any CPU
		{2EF39A3F-0318-446A-B835-A7EEFFBF9424}.Release|Any CPU.ActiveCfg = Release|Any CPU
		{2EF39A3F-0318-446A-B835-A7EEFFBF9424}.Release|Any CPU.Build.0 = Release|Any CPU
		{13F51726-C697-430C-BC0A-06AB79F1E030}.Debug|Any CPU.ActiveCfg = Debug|Any CPU
		{13F51726-C697-430C-BC0A-06AB79F1E030}.Debug|Any CPU.Build.0 = Debug|Any CPU
		{13F51726-C697-430C-BC0A-06AB79F1E030}.Release|Any CPU.ActiveCfg = Release|Any CPU
		{13F51726-C697-430C-BC0A-06AB79F1E030}.Release|Any CPU.Build.0 = Release|Any CPU
		{21088CC4-08B4-4655-A7C2-13BA7501B739}.Debug|Any CPU.ActiveCfg = Debug|Any CPU
		{21088CC4-08B4-4655-A7C2-13BA7501B739}.Debug|Any CPU.Build.0 = Debug|Any CPU
		{21088CC4-08B4-4655-A7C2-13BA7501B739}.Release|Any CPU.ActiveCfg = Release|Any CPU
		{21088CC4-08B4-4655-A7C2-13BA7501B739}.Release|Any CPU.Build.0 = Release|Any CPU
		{F1177532-5C63-4E9D-8422-C6A076CC2B85}.Debug|Any CPU.ActiveCfg = Debug|Any CPU
		{F1177532-5C63-4E9D-8422-C6A076CC2B85}.Debug|Any CPU.Build.0 = Debug|Any CPU
		{F1177532-5C63-4E9D-8422-C6A076CC2B85}.Release|Any CPU.ActiveCfg = Release|Any CPU
		{F1177532-5C63-4E9D-8422-C6A076CC2B85}.Release|Any CPU.Build.0 = Release|Any CPU
		{04F7BDFD-046D-42C0-A791-13FAE359E030}.Debug|Any CPU.ActiveCfg = Debug|Any CPU
		{04F7BDFD-046D-42C0-A791-13FAE359E030}.Debug|Any CPU.Build.0 = Debug|Any CPU
		{04F7BDFD-046D-42C0-A791-13FAE359E030}.Release|Any CPU.ActiveCfg = Release|Any CPU
		{04F7BDFD-046D-42C0-A791-13FAE359E030}.Release|Any CPU.Build.0 = Release|Any CPU
		{6EE93A96-F214-4921-A27B-8368F1E4567A}.Debug|Any CPU.ActiveCfg = Debug|Any CPU
		{6EE93A96-F214-4921-A27B-8368F1E4567A}.Debug|Any CPU.Build.0 = Debug|Any CPU
		{6EE93A96-F214-4921-A27B-8368F1E4567A}.Release|Any CPU.ActiveCfg = Release|Any CPU
		{6EE93A96-F214-4921-A27B-8368F1E4567A}.Release|Any CPU.Build.0 = Release|Any CPU
		{70C48E6A-9A12-414B-8421-E7565B6767B4}.Debug|Any CPU.ActiveCfg = Debug|Any CPU
		{70C48E6A-9A12-414B-8421-E7565B6767B4}.Debug|Any CPU.Build.0 = Debug|Any CPU
		{70C48E6A-9A12-414B-8421-E7565B6767B4}.Release|Any CPU.ActiveCfg = Release|Any CPU
		{70C48E6A-9A12-414B-8421-E7565B6767B4}.Release|Any CPU.Build.0 = Release|Any CPU
		{D307472E-9AB1-4ECD-8456-67FDFC7FDA31}.Debug|Any CPU.ActiveCfg = Debug|Any CPU
		{D307472E-9AB1-4ECD-8456-67FDFC7FDA31}.Debug|Any CPU.Build.0 = Debug|Any CPU
		{D307472E-9AB1-4ECD-8456-67FDFC7FDA31}.Release|Any CPU.ActiveCfg = Release|Any CPU
		{D307472E-9AB1-4ECD-8456-67FDFC7FDA31}.Release|Any CPU.Build.0 = Release|Any CPU
		{2FF44FD3-F80F-4FB3-B32C-A2CE6CAE260F}.Debug|Any CPU.ActiveCfg = Debug|Any CPU
		{2FF44FD3-F80F-4FB3-B32C-A2CE6CAE260F}.Debug|Any CPU.Build.0 = Debug|Any CPU
		{2FF44FD3-F80F-4FB3-B32C-A2CE6CAE260F}.Release|Any CPU.ActiveCfg = Release|Any CPU
		{2FF44FD3-F80F-4FB3-B32C-A2CE6CAE260F}.Release|Any CPU.Build.0 = Release|Any CPU
		{4AB19B5F-0080-46B8-BB0C-909DAEF9605F}.Debug|Any CPU.ActiveCfg = Debug|Any CPU
		{4AB19B5F-0080-46B8-BB0C-909DAEF9605F}.Debug|Any CPU.Build.0 = Debug|Any CPU
		{4AB19B5F-0080-46B8-BB0C-909DAEF9605F}.Release|Any CPU.ActiveCfg = Release|Any CPU
		{4AB19B5F-0080-46B8-BB0C-909DAEF9605F}.Release|Any CPU.Build.0 = Release|Any CPU
		{BF88BE87-06E8-465E-A935-8125C123FEC4}.Debug|Any CPU.ActiveCfg = Debug|Any CPU
		{BF88BE87-06E8-465E-A935-8125C123FEC4}.Debug|Any CPU.Build.0 = Debug|Any CPU
		{BF88BE87-06E8-465E-A935-8125C123FEC4}.Release|Any CPU.ActiveCfg = Release|Any CPU
		{BF88BE87-06E8-465E-A935-8125C123FEC4}.Release|Any CPU.Build.0 = Release|Any CPU
		{FE4FA4AB-5D8B-452A-8F7C-E5A9F6C0E1F2}.Debug|Any CPU.ActiveCfg = Debug|Any CPU
		{FE4FA4AB-5D8B-452A-8F7C-E5A9F6C0E1F2}.Debug|Any CPU.Build.0 = Debug|Any CPU
		{FE4FA4AB-5D8B-452A-8F7C-E5A9F6C0E1F2}.Release|Any CPU.ActiveCfg = Release|Any CPU
		{FE4FA4AB-5D8B-452A-8F7C-E5A9F6C0E1F2}.Release|Any CPU.Build.0 = Release|Any CPU
		{E03B2ED7-DD96-4147-BFF9-F9FDBF7C85AA}.Debug|Any CPU.ActiveCfg = Debug|Any CPU
		{E03B2ED7-DD96-4147-BFF9-F9FDBF7C85AA}.Debug|Any CPU.Build.0 = Debug|Any CPU
		{E03B2ED7-DD96-4147-BFF9-F9FDBF7C85AA}.Release|Any CPU.ActiveCfg = Release|Any CPU
		{E03B2ED7-DD96-4147-BFF9-F9FDBF7C85AA}.Release|Any CPU.Build.0 = Release|Any CPU
		{69F59AE4-ADBD-40AC-B5AB-14D24E3EBDA8}.Debug|Any CPU.ActiveCfg = Debug|Any CPU
		{69F59AE4-ADBD-40AC-B5AB-14D24E3EBDA8}.Debug|Any CPU.Build.0 = Debug|Any CPU
		{69F59AE4-ADBD-40AC-B5AB-14D24E3EBDA8}.Release|Any CPU.ActiveCfg = Release|Any CPU
		{69F59AE4-ADBD-40AC-B5AB-14D24E3EBDA8}.Release|Any CPU.Build.0 = Release|Any CPU
		{486350C6-6C7B-4F5A-BE2F-A6FF8DE5A8C1}.Debug|Any CPU.ActiveCfg = Debug|Any CPU
		{486350C6-6C7B-4F5A-BE2F-A6FF8DE5A8C1}.Debug|Any CPU.Build.0 = Debug|Any CPU
		{486350C6-6C7B-4F5A-BE2F-A6FF8DE5A8C1}.Release|Any CPU.ActiveCfg = Release|Any CPU
		{486350C6-6C7B-4F5A-BE2F-A6FF8DE5A8C1}.Release|Any CPU.Build.0 = Release|Any CPU
	EndGlobalSection
	GlobalSection(SolutionProperties) = preSolution
		HideSolutionNode = FALSE
	EndGlobalSection
	GlobalSection(NestedProjects) = preSolution
		{2EF39A3F-0318-446A-B835-A7EEFFBF9424} = {F0BA0EB1-DD76-467B-99A0-F843AF2C1D5E}
		{13F51726-C697-430C-BC0A-06AB79F1E030} = {F0BA0EB1-DD76-467B-99A0-F843AF2C1D5E}
		{21088CC4-08B4-4655-A7C2-13BA7501B739} = {F0BA0EB1-DD76-467B-99A0-F843AF2C1D5E}
		{F1177532-5C63-4E9D-8422-C6A076CC2B85} = {F0BA0EB1-DD76-467B-99A0-F843AF2C1D5E}
		{04F7BDFD-046D-42C0-A791-13FAE359E030} = {F0BA0EB1-DD76-467B-99A0-F843AF2C1D5E}
		{6EE93A96-F214-4921-A27B-8368F1E4567A} = {F0BA0EB1-DD76-467B-99A0-F843AF2C1D5E}
		{70C48E6A-9A12-414B-8421-E7565B6767B4} = {F0BA0EB1-DD76-467B-99A0-F843AF2C1D5E}
		{D307472E-9AB1-4ECD-8456-67FDFC7FDA31} = {6C1F0EB7-2898-492C-A533-7291C892C81D}
		{2FF44FD3-F80F-4FB3-B32C-A2CE6CAE260F} = {6C1F0EB7-2898-492C-A533-7291C892C81D}
		{6C1F0EB7-2898-492C-A533-7291C892C81D} = {F0BA0EB1-DD76-467B-99A0-F843AF2C1D5E}
		{4AB19B5F-0080-46B8-BB0C-909DAEF9605F} = {F0BA0EB1-DD76-467B-99A0-F843AF2C1D5E}
		{69F59AE4-ADBD-40AC-B5AB-14D24E3EBDA8} = {7FFA5F68-AD54-4C25-98A1-D95CD6130C74}
		{486350C6-6C7B-4F5A-BE2F-A6FF8DE5A8C1} = {7FFA5F68-AD54-4C25-98A1-D95CD6130C74}
		{7FFA5F68-AD54-4C25-98A1-D95CD6130C74} = {F0BA0EB1-DD76-467B-99A0-F843AF2C1D5E}
	EndGlobalSection
EndGlobal
